
Microsoft Visual Studio Solution File, Format Version 12.00
# Visual Studio Version 16
VisualStudioVersion = 16.0.29519.87
MinimumVisualStudioVersion = 10.0.40219.1
Project("{FAE04EC0-301F-11D3-BF4B-00C04F79EFBC}") = "Calendario", "Calendario\Calendario.csproj", "{FF82FEB7-935D-4511-818E-3ABB8E4B997C}"
EndProject
Global
	GlobalSection(SolutionConfigurationPlatforms) = preSolution
		Debug|Any CPU = Debug|Any CPU
		Release|Any CPU = Release|Any CPU
	EndGlobalSection
	GlobalSection(ProjectConfigurationPlatforms) = postSolution
		{FF82FEB7-935D-4511-818E-3ABB8E4B997C}.Debug|Any CPU.ActiveCfg = Debug|Any CPU
		{FF82FEB7-935D-4511-818E-3ABB8E4B997C}.Debug|Any CPU.Build.0 = Debug|Any CPU
		{FF82FEB7-935D-4511-818E-3ABB8E4B997C}.Release|Any CPU.ActiveCfg = Release|Any CPU
		{FF82FEB7-935D-4511-818E-3ABB8E4B997C}.Release|Any CPU.Build.0 = Release|Any CPU
	EndGlobalSection
	GlobalSection(SolutionProperties) = preSolution
		HideSolutionNode = FALSE
	EndGlobalSection
	GlobalSection(ExtensibilityGlobals) = postSolution
		SolutionGuid = {AF7EE727-BBA1-479B-8904-EC6914F2554E}
	EndGlobalSection
EndGlobal
